// !$*UTF8*$!
{
	archiveVersion = 1;
	classes = {
	};
	objectVersion = 46;
	objects = {

/* Begin PBXBuildFile section */
		E2F6E99F183A151000518E9A /* revealed-track.png in Resources */ = {isa = PBXBuildFile; fileRef = E2F6E99E183A151000518E9A /* revealed-track.png */; };
		E2F6E9A1183A158100518E9A /* revealed-track@2x.png in Resources */ = {isa = PBXBuildFile; fileRef = E2F6E9A0183A158100518E9A /* revealed-track@2x.png */; };
		EC36F93715CD0B96009A1A04 /* UIKit.framework in Frameworks */ = {isa = PBXBuildFile; fileRef = EC36F93615CD0B96009A1A04 /* UIKit.framework */; };
		EC36F93915CD0B96009A1A04 /* Foundation.framework in Frameworks */ = {isa = PBXBuildFile; fileRef = EC36F93815CD0B96009A1A04 /* Foundation.framework */; };
		EC36F93B15CD0B96009A1A04 /* CoreGraphics.framework in Frameworks */ = {isa = PBXBuildFile; fileRef = EC36F93A15CD0B96009A1A04 /* CoreGraphics.framework */; };
		EC36F94115CD0B96009A1A04 /* InfoPlist.strings in Resources */ = {isa = PBXBuildFile; fileRef = EC36F93F15CD0B96009A1A04 /* InfoPlist.strings */; };
		EC36F94315CD0B96009A1A04 /* main.m in Sources */ = {isa = PBXBuildFile; fileRef = EC36F94215CD0B96009A1A04 /* main.m */; };
		EC36F94715CD0B96009A1A04 /* NMAppDelegate.m in Sources */ = {isa = PBXBuildFile; fileRef = EC36F94615CD0B96009A1A04 /* NMAppDelegate.m */; };
		EC36F94A15CD0B96009A1A04 /* MainStoryboard.storyboard in Resources */ = {isa = PBXBuildFile; fileRef = EC36F94815CD0B96009A1A04 /* MainStoryboard.storyboard */; };
		EC36F96815CD0D4A009A1A04 /* NMRangeSlider.m in Sources */ = {isa = PBXBuildFile; fileRef = EC36F96715CD0BF8009A1A04 /* NMRangeSlider.m */; };
		EC36F96915CD0D4F009A1A04 /* slider-metal-handle-highlighted.png in Resources */ = {isa = PBXBuildFile; fileRef = EC36F95E15CD0BF8009A1A04 /* slider-metal-handle-highlighted.png */; };
		EC36F96A15CD0D4F009A1A04 /* slider-metal-handle-highlighted@2x.png in Resources */ = {isa = PBXBuildFile; fileRef = EC36F95F15CD0BF8009A1A04 /* slider-metal-handle-highlighted@2x.png */; };
		EC36F96B15CD0D4F009A1A04 /* slider-metal-handle.png in Resources */ = {isa = PBXBuildFile; fileRef = EC36F96015CD0BF8009A1A04 /* slider-metal-handle.png */; };
		EC36F96C15CD0D4F009A1A04 /* slider-metal-handle@2x.png in Resources */ = {isa = PBXBuildFile; fileRef = EC36F96115CD0BF8009A1A04 /* slider-metal-handle@2x.png */; };
		EC36F96D15CD0D4F009A1A04 /* slider-metal-track.png in Resources */ = {isa = PBXBuildFile; fileRef = EC36F96215CD0BF8009A1A04 /* slider-metal-track.png */; };
		EC36F96E15CD0D4F009A1A04 /* slider-metal-track@2x.png in Resources */ = {isa = PBXBuildFile; fileRef = EC36F96315CD0BF8009A1A04 /* slider-metal-track@2x.png */; };
		EC36F96F15CD0D4F009A1A04 /* slider-metal-trackBackground.png in Resources */ = {isa = PBXBuildFile; fileRef = EC36F96415CD0BF8009A1A04 /* slider-metal-trackBackground.png */; };
		EC36F97015CD0D4F009A1A04 /* slider-metal-trackBackground@2x.png in Resources */ = {isa = PBXBuildFile; fileRef = EC36F96515CD0BF8009A1A04 /* slider-metal-trackBackground@2x.png */; };
		EC36F97115CD0D53009A1A04 /* slider-default-handle-highlighted.png in Resources */ = {isa = PBXBuildFile; fileRef = EC36F95515CD0BF8009A1A04 /* slider-default-handle-highlighted.png */; };
		EC36F97215CD0D53009A1A04 /* slider-default-handle-highlighted@2x.png in Resources */ = {isa = PBXBuildFile; fileRef = EC36F95615CD0BF8009A1A04 /* slider-default-handle-highlighted@2x.png */; };
		EC36F97315CD0D53009A1A04 /* slider-default-handle.png in Resources */ = {isa = PBXBuildFile; fileRef = EC36F95715CD0BF8009A1A04 /* slider-default-handle.png */; };
		EC36F97415CD0D53009A1A04 /* slider-default-handle@2x.png in Resources */ = {isa = PBXBuildFile; fileRef = EC36F95815CD0BF8009A1A04 /* slider-default-handle@2x.png */; };
		EC36F97515CD0D53009A1A04 /* slider-default-track.png in Resources */ = {isa = PBXBuildFile; fileRef = EC36F95915CD0BF8009A1A04 /* slider-default-track.png */; };
		EC36F97615CD0D53009A1A04 /* slider-default-track@2x.png in Resources */ = {isa = PBXBuildFile; fileRef = EC36F95A15CD0BF8009A1A04 /* slider-default-track@2x.png */; };
		EC36F97715CD0D53009A1A04 /* slider-default-trackBackground.png in Resources */ = {isa = PBXBuildFile; fileRef = EC36F95B15CD0BF8009A1A04 /* slider-default-trackBackground.png */; };
		EC36F97815CD0D53009A1A04 /* slider-default_trackBackground@2x.png in Resources */ = {isa = PBXBuildFile; fileRef = EC36F95C15CD0BF8009A1A04 /* slider-default_trackBackground@2x.png */; };
		EC36F97B15CD0F30009A1A04 /* NMDemoTVC.m in Sources */ = {isa = PBXBuildFile; fileRef = EC36F97A15CD0F30009A1A04 /* NMDemoTVC.m */; };
		EC36F99E15CE0955009A1A04 /* navbar-nullmonkey-title.png in Resources */ = {isa = PBXBuildFile; fileRef = EC36F99C15CE0955009A1A04 /* navbar-nullmonkey-title.png */; };
		EC36F99F15CE0955009A1A04 /* navbar-nullmonkey-title@2x.png in Resources */ = {isa = PBXBuildFile; fileRef = EC36F99D15CE0955009A1A04 /* navbar-nullmonkey-title@2x.png */; };
		EC36F9A615CE1295009A1A04 /* README.md in Resources */ = {isa = PBXBuildFile; fileRef = EC36F9A515CE1295009A1A04 /* README.md */; };
		EC36F9D115CE3590009A1A04 /* Icon-72.png in Resources */ = {isa = PBXBuildFile; fileRef = EC36F9C915CE3590009A1A04 /* Icon-72.png */; };
		EC36F9D215CE3590009A1A04 /* Icon-72@2x.png in Resources */ = {isa = PBXBuildFile; fileRef = EC36F9CA15CE3590009A1A04 /* Icon-72@2x.png */; };
		EC36F9D315CE3590009A1A04 /* Icon-Small-50.png in Resources */ = {isa = PBXBuildFile; fileRef = EC36F9CB15CE3590009A1A04 /* Icon-Small-50.png */; };
		EC36F9D415CE3590009A1A04 /* Icon-Small-50@2x.png in Resources */ = {isa = PBXBuildFile; fileRef = EC36F9CC15CE3590009A1A04 /* Icon-Small-50@2x.png */; };
		EC36F9D515CE3590009A1A04 /* Icon-Small.png in Resources */ = {isa = PBXBuildFile; fileRef = EC36F9CD15CE3590009A1A04 /* Icon-Small.png */; };
		EC36F9D615CE3590009A1A04 /* Icon-Small@2x.png in Resources */ = {isa = PBXBuildFile; fileRef = EC36F9CE15CE3590009A1A04 /* Icon-Small@2x.png */; };
		EC36F9D715CE3590009A1A04 /* Icon.png in Resources */ = {isa = PBXBuildFile; fileRef = EC36F9CF15CE3590009A1A04 /* Icon.png */; };
		EC36F9D815CE3590009A1A04 /* Icon@2x.png in Resources */ = {isa = PBXBuildFile; fileRef = EC36F9D015CE3590009A1A04 /* Icon@2x.png */; };
		EC4B675917F8EDAA0054842C /* slider-default-trackCrossedOver.png in Resources */ = {isa = PBXBuildFile; fileRef = EC4B675717F8EDAA0054842C /* slider-default-trackCrossedOver.png */; };
		EC4B675A17F8EDAA0054842C /* slider-default-trackCrossedOver@2x.png in Resources */ = {isa = PBXBuildFile; fileRef = EC4B675817F8EDAA0054842C /* slider-default-trackCrossedOver@2x.png */; };
		EC4B675C17F8F1470054842C /* Default-568h@2x.png in Resources */ = {isa = PBXBuildFile; fileRef = EC4B675B17F8F1470054842C /* Default-568h@2x.png */; };
		EC6CCCC0180690AE00FBE743 /* slider-default7-trackBackground.png in Resources */ = {isa = PBXBuildFile; fileRef = EC6CCCB8180690AE00FBE743 /* slider-default7-trackBackground.png */; };
		EC6CCCC1180690AE00FBE743 /* slider-default7-trackBackground@2x.png in Resources */ = {isa = PBXBuildFile; fileRef = EC6CCCB9180690AE00FBE743 /* slider-default7-trackBackground@2x.png */; };
		EC6CCCC2180690AE00FBE743 /* slider-default7-trackCrossedOver.png in Resources */ = {isa = PBXBuildFile; fileRef = EC6CCCBA180690AE00FBE743 /* slider-default7-trackCrossedOver.png */; };
		EC6CCCC3180690AE00FBE743 /* slider-default7-trackCrossedOver@2x.png in Resources */ = {isa = PBXBuildFile; fileRef = EC6CCCBB180690AE00FBE743 /* slider-default7-trackCrossedOver@2x.png */; };
		EC6CCCC4180690AE00FBE743 /* slider-default7-track.png in Resources */ = {isa = PBXBuildFile; fileRef = EC6CCCBC180690AE00FBE743 /* slider-default7-track.png */; };
		EC6CCCC5180690AE00FBE743 /* slider-default7-track@2x.png in Resources */ = {isa = PBXBuildFile; fileRef = EC6CCCBD180690AE00FBE743 /* slider-default7-track@2x.png */; };
		EC6CCCC6180690AE00FBE743 /* slider-default7-handle.png in Resources */ = {isa = PBXBuildFile; fileRef = EC6CCCBE180690AE00FBE743 /* slider-default7-handle.png */; };
		EC6CCCC7180690AE00FBE743 /* slider-default7-handle@2x.png in Resources */ = {isa = PBXBuildFile; fileRef = EC6CCCBF180690AE00FBE743 /* slider-default7-handle@2x.png */; };
/* End PBXBuildFile section */

/* Begin PBXFileReference section */
		E2F6E99E183A151000518E9A /* revealed-track.png */ = {isa = PBXFileReference; lastKnownFileType = image.png; path = "revealed-track.png"; sourceTree = "<group>"; };
		E2F6E9A0183A158100518E9A /* revealed-track@2x.png */ = {isa = PBXFileReference; lastKnownFileType = image.png; path = "revealed-track@2x.png"; sourceTree = "<group>"; };
		EC36F93215CD0B96009A1A04 /* NMRangeSlider.app */ = {isa = PBXFileReference; explicitFileType = wrapper.application; includeInIndex = 0; path = NMRangeSlider.app; sourceTree = BUILT_PRODUCTS_DIR; };
		EC36F93615CD0B96009A1A04 /* UIKit.framework */ = {isa = PBXFileReference; lastKnownFileType = wrapper.framework; name = UIKit.framework; path = System/Library/Frameworks/UIKit.framework; sourceTree = SDKROOT; };
		EC36F93815CD0B96009A1A04 /* Foundation.framework */ = {isa = PBXFileReference; lastKnownFileType = wrapper.framework; name = Foundation.framework; path = System/Library/Frameworks/Foundation.framework; sourceTree = SDKROOT; };
		EC36F93A15CD0B96009A1A04 /* CoreGraphics.framework */ = {isa = PBXFileReference; lastKnownFileType = wrapper.framework; name = CoreGraphics.framework; path = System/Library/Frameworks/CoreGraphics.framework; sourceTree = SDKROOT; };
		EC36F93E15CD0B96009A1A04 /* NMRangeSlider-Info.plist */ = {isa = PBXFileReference; lastKnownFileType = text.plist.xml; path = "NMRangeSlider-Info.plist"; sourceTree = "<group>"; };
		EC36F94015CD0B96009A1A04 /* en */ = {isa = PBXFileReference; lastKnownFileType = text.plist.strings; name = en; path = en.lproj/InfoPlist.strings; sourceTree = "<group>"; };
		EC36F94215CD0B96009A1A04 /* main.m */ = {isa = PBXFileReference; lastKnownFileType = sourcecode.c.objc; path = main.m; sourceTree = "<group>"; };
		EC36F94415CD0B96009A1A04 /* NMRangeSlider-Prefix.pch */ = {isa = PBXFileReference; lastKnownFileType = sourcecode.c.h; path = "NMRangeSlider-Prefix.pch"; sourceTree = "<group>"; };
		EC36F94515CD0B96009A1A04 /* NMAppDelegate.h */ = {isa = PBXFileReference; lastKnownFileType = sourcecode.c.h; path = NMAppDelegate.h; sourceTree = "<group>"; };
		EC36F94615CD0B96009A1A04 /* NMAppDelegate.m */ = {isa = PBXFileReference; lastKnownFileType = sourcecode.c.objc; path = NMAppDelegate.m; sourceTree = "<group>"; };
		EC36F94915CD0B96009A1A04 /* en */ = {isa = PBXFileReference; lastKnownFileType = file.storyboard; name = en; path = en.lproj/MainStoryboard.storyboard; sourceTree = "<group>"; };
		EC36F95515CD0BF8009A1A04 /* slider-default-handle-highlighted.png */ = {isa = PBXFileReference; lastKnownFileType = image.png; path = "slider-default-handle-highlighted.png"; sourceTree = "<group>"; };
		EC36F95615CD0BF8009A1A04 /* slider-default-handle-highlighted@2x.png */ = {isa = PBXFileReference; lastKnownFileType = image.png; path = "slider-default-handle-highlighted@2x.png"; sourceTree = "<group>"; };
		EC36F95715CD0BF8009A1A04 /* slider-default-handle.png */ = {isa = PBXFileReference; lastKnownFileType = image.png; path = "slider-default-handle.png"; sourceTree = "<group>"; };
		EC36F95815CD0BF8009A1A04 /* slider-default-handle@2x.png */ = {isa = PBXFileReference; lastKnownFileType = image.png; path = "slider-default-handle@2x.png"; sourceTree = "<group>"; };
		EC36F95915CD0BF8009A1A04 /* slider-default-track.png */ = {isa = PBXFileReference; lastKnownFileType = image.png; path = "slider-default-track.png"; sourceTree = "<group>"; };
		EC36F95A15CD0BF8009A1A04 /* slider-default-track@2x.png */ = {isa = PBXFileReference; lastKnownFileType = image.png; path = "slider-default-track@2x.png"; sourceTree = "<group>"; };
		EC36F95B15CD0BF8009A1A04 /* slider-default-trackBackground.png */ = {isa = PBXFileReference; lastKnownFileType = image.png; path = "slider-default-trackBackground.png"; sourceTree = "<group>"; };
		EC36F95C15CD0BF8009A1A04 /* slider-default_trackBackground@2x.png */ = {isa = PBXFileReference; lastKnownFileType = image.png; path = "slider-default_trackBackground@2x.png"; sourceTree = "<group>"; };
		EC36F95E15CD0BF8009A1A04 /* slider-metal-handle-highlighted.png */ = {isa = PBXFileReference; lastKnownFileType = image.png; path = "slider-metal-handle-highlighted.png"; sourceTree = "<group>"; };
		EC36F95F15CD0BF8009A1A04 /* slider-metal-handle-highlighted@2x.png */ = {isa = PBXFileReference; lastKnownFileType = image.png; path = "slider-metal-handle-highlighted@2x.png"; sourceTree = "<group>"; };
		EC36F96015CD0BF8009A1A04 /* slider-metal-handle.png */ = {isa = PBXFileReference; lastKnownFileType = image.png; path = "slider-metal-handle.png"; sourceTree = "<group>"; };
		EC36F96115CD0BF8009A1A04 /* slider-metal-handle@2x.png */ = {isa = PBXFileReference; lastKnownFileType = image.png; path = "slider-metal-handle@2x.png"; sourceTree = "<group>"; };
		EC36F96215CD0BF8009A1A04 /* slider-metal-track.png */ = {isa = PBXFileReference; lastKnownFileType = image.png; path = "slider-metal-track.png"; sourceTree = "<group>"; };
		EC36F96315CD0BF8009A1A04 /* slider-metal-track@2x.png */ = {isa = PBXFileReference; lastKnownFileType = image.png; path = "slider-metal-track@2x.png"; sourceTree = "<group>"; };
		EC36F96415CD0BF8009A1A04 /* slider-metal-trackBackground.png */ = {isa = PBXFileReference; lastKnownFileType = image.png; path = "slider-metal-trackBackground.png"; sourceTree = "<group>"; };
		EC36F96515CD0BF8009A1A04 /* slider-metal-trackBackground@2x.png */ = {isa = PBXFileReference; lastKnownFileType = image.png; path = "slider-metal-trackBackground@2x.png"; sourceTree = "<group>"; };
		EC36F96615CD0BF8009A1A04 /* NMRangeSlider.h */ = {isa = PBXFileReference; lastKnownFileType = sourcecode.c.h; path = NMRangeSlider.h; sourceTree = "<group>"; };
		EC36F96715CD0BF8009A1A04 /* NMRangeSlider.m */ = {isa = PBXFileReference; lastKnownFileType = sourcecode.c.objc; path = NMRangeSlider.m; sourceTree = "<group>"; };
		EC36F97915CD0F30009A1A04 /* NMDemoTVC.h */ = {isa = PBXFileReference; fileEncoding = 4; lastKnownFileType = sourcecode.c.h; path = NMDemoTVC.h; sourceTree = "<group>"; };
		EC36F97A15CD0F30009A1A04 /* NMDemoTVC.m */ = {isa = PBXFileReference; fileEncoding = 4; lastKnownFileType = sourcecode.c.objc; path = NMDemoTVC.m; sourceTree = "<group>"; };
		EC36F97C15CD2BD5009A1A04 /* LICENCE */ = {isa = PBXFileReference; fileEncoding = 4; lastKnownFileType = text; path = LICENCE; sourceTree = SOURCE_ROOT; };
		EC36F99C15CE0955009A1A04 /* navbar-nullmonkey-title.png */ = {isa = PBXFileReference; lastKnownFileType = image.png; path = "navbar-nullmonkey-title.png"; sourceTree = "<group>"; };
		EC36F99D15CE0955009A1A04 /* navbar-nullmonkey-title@2x.png */ = {isa = PBXFileReference; lastKnownFileType = image.png; path = "navbar-nullmonkey-title@2x.png"; sourceTree = "<group>"; };
		EC36F9A515CE1295009A1A04 /* README.md */ = {isa = PBXFileReference; fileEncoding = 4; lastKnownFileType = text; path = README.md; sourceTree = SOURCE_ROOT; };
		EC36F9C915CE3590009A1A04 /* Icon-72.png */ = {isa = PBXFileReference; lastKnownFileType = image.png; path = "Icon-72.png"; sourceTree = "<group>"; };
		EC36F9CA15CE3590009A1A04 /* Icon-72@2x.png */ = {isa = PBXFileReference; lastKnownFileType = image.png; path = "Icon-72@2x.png"; sourceTree = "<group>"; };
		EC36F9CB15CE3590009A1A04 /* Icon-Small-50.png */ = {isa = PBXFileReference; lastKnownFileType = image.png; path = "Icon-Small-50.png"; sourceTree = "<group>"; };
		EC36F9CC15CE3590009A1A04 /* Icon-Small-50@2x.png */ = {isa = PBXFileReference; lastKnownFileType = image.png; path = "Icon-Small-50@2x.png"; sourceTree = "<group>"; };
		EC36F9CD15CE3590009A1A04 /* Icon-Small.png */ = {isa = PBXFileReference; lastKnownFileType = image.png; path = "Icon-Small.png"; sourceTree = "<group>"; };
		EC36F9CE15CE3590009A1A04 /* Icon-Small@2x.png */ = {isa = PBXFileReference; lastKnownFileType = image.png; path = "Icon-Small@2x.png"; sourceTree = "<group>"; };
		EC36F9CF15CE3590009A1A04 /* Icon.png */ = {isa = PBXFileReference; lastKnownFileType = image.png; path = Icon.png; sourceTree = "<group>"; };
		EC36F9D015CE3590009A1A04 /* Icon@2x.png */ = {isa = PBXFileReference; lastKnownFileType = image.png; path = "Icon@2x.png"; sourceTree = "<group>"; };
		EC4B675717F8EDAA0054842C /* slider-default-trackCrossedOver.png */ = {isa = PBXFileReference; lastKnownFileType = image.png; path = "slider-default-trackCrossedOver.png"; sourceTree = "<group>"; };
		EC4B675817F8EDAA0054842C /* slider-default-trackCrossedOver@2x.png */ = {isa = PBXFileReference; lastKnownFileType = image.png; path = "slider-default-trackCrossedOver@2x.png"; sourceTree = "<group>"; };
		EC4B675B17F8F1470054842C /* Default-568h@2x.png */ = {isa = PBXFileReference; lastKnownFileType = image.png; path = "Default-568h@2x.png"; sourceTree = "<group>"; };
		EC6CCCB8180690AE00FBE743 /* slider-default7-trackBackground.png */ = {isa = PBXFileReference; lastKnownFileType = image.png; path = "slider-default7-trackBackground.png"; sourceTree = "<group>"; };
		EC6CCCB9180690AE00FBE743 /* slider-default7-trackBackground@2x.png */ = {isa = PBXFileReference; lastKnownFileType = image.png; path = "slider-default7-trackBackground@2x.png"; sourceTree = "<group>"; };
		EC6CCCBA180690AE00FBE743 /* slider-default7-trackCrossedOver.png */ = {isa = PBXFileReference; lastKnownFileType = image.png; path = "slider-default7-trackCrossedOver.png"; sourceTree = "<group>"; };
		EC6CCCBB180690AE00FBE743 /* slider-default7-trackCrossedOver@2x.png */ = {isa = PBXFileReference; lastKnownFileType = image.png; path = "slider-default7-trackCrossedOver@2x.png"; sourceTree = "<group>"; };
		EC6CCCBC180690AE00FBE743 /* slider-default7-track.png */ = {isa = PBXFileReference; lastKnownFileType = image.png; path = "slider-default7-track.png"; sourceTree = "<group>"; };
		EC6CCCBD180690AE00FBE743 /* slider-default7-track@2x.png */ = {isa = PBXFileReference; lastKnownFileType = image.png; path = "slider-default7-track@2x.png"; sourceTree = "<group>"; };
		EC6CCCBE180690AE00FBE743 /* slider-default7-handle.png */ = {isa = PBXFileReference; lastKnownFileType = image.png; path = "slider-default7-handle.png"; sourceTree = "<group>"; };
		EC6CCCBF180690AE00FBE743 /* slider-default7-handle@2x.png */ = {isa = PBXFileReference; lastKnownFileType = image.png; path = "slider-default7-handle@2x.png"; sourceTree = "<group>"; };
		ECF5E23E15CE798C00C30915 /* TAG */ = {isa = PBXFileReference; fileEncoding = 4; lastKnownFileType = text; path = TAG; sourceTree = SOURCE_ROOT; };
/* End PBXFileReference section */

/* Begin PBXFrameworksBuildPhase section */
		EC36F92F15CD0B96009A1A04 /* Frameworks */ = {
			isa = PBXFrameworksBuildPhase;
			buildActionMask = 2147483647;
			files = (
				EC36F93715CD0B96009A1A04 /* UIKit.framework in Frameworks */,
				EC36F93915CD0B96009A1A04 /* Foundation.framework in Frameworks */,
				EC36F93B15CD0B96009A1A04 /* CoreGraphics.framework in Frameworks */,
			);
			runOnlyForDeploymentPostprocessing = 0;
		};
/* End PBXFrameworksBuildPhase section */

/* Begin PBXGroup section */
		EC36F92715CD0B96009A1A04 = {
			isa = PBXGroup;
			children = (
				EC4B675B17F8F1470054842C /* Default-568h@2x.png */,
				EC36F93C15CD0B96009A1A04 /* NMRangeSlider-Demo */,
				EC36F93515CD0B96009A1A04 /* Frameworks */,
				EC36F93315CD0B96009A1A04 /* Products */,
			);
			sourceTree = "<group>";
		};
		EC36F93315CD0B96009A1A04 /* Products */ = {
			isa = PBXGroup;
			children = (
				EC36F93215CD0B96009A1A04 /* NMRangeSlider.app */,
			);
			name = Products;
			sourceTree = "<group>";
		};
		EC36F93515CD0B96009A1A04 /* Frameworks */ = {
			isa = PBXGroup;
			children = (
				EC36F93615CD0B96009A1A04 /* UIKit.framework */,
				EC36F93815CD0B96009A1A04 /* Foundation.framework */,
				EC36F93A15CD0B96009A1A04 /* CoreGraphics.framework */,
			);
			name = Frameworks;
			sourceTree = "<group>";
		};
		EC36F93C15CD0B96009A1A04 /* NMRangeSlider-Demo */ = {
			isa = PBXGroup;
			children = (
				EC36F99115CE05CB009A1A04 /* Images */,
				EC36F95315CD0BA9009A1A04 /* NMRangeSlider */,
				EC36F94515CD0B96009A1A04 /* NMAppDelegate.h */,
				EC36F94615CD0B96009A1A04 /* NMAppDelegate.m */,
				EC36F94815CD0B96009A1A04 /* MainStoryboard.storyboard */,
				EC36F97915CD0F30009A1A04 /* NMDemoTVC.h */,
				EC36F97A15CD0F30009A1A04 /* NMDemoTVC.m */,
				EC36F93D15CD0B96009A1A04 /* Supporting Files */,
			);
			path = "NMRangeSlider-Demo";
			sourceTree = "<group>";
		};
		EC36F93D15CD0B96009A1A04 /* Supporting Files */ = {
			isa = PBXGroup;
			children = (
				EC36F9A515CE1295009A1A04 /* README.md */,
				EC36F93E15CD0B96009A1A04 /* NMRangeSlider-Info.plist */,
				EC36F93F15CD0B96009A1A04 /* InfoPlist.strings */,
				EC36F94215CD0B96009A1A04 /* main.m */,
				EC36F94415CD0B96009A1A04 /* NMRangeSlider-Prefix.pch */,
				EC36F97C15CD2BD5009A1A04 /* LICENCE */,
				ECF5E23E15CE798C00C30915 /* TAG */,
			);
			name = "Supporting Files";
			sourceTree = "<group>";
		};
		EC36F95315CD0BA9009A1A04 /* NMRangeSlider */ = {
			isa = PBXGroup;
			children = (
				EC6CCCB718068F8A00FBE743 /* DefaultTheme7 */,
				EC36F95415CD0BF8009A1A04 /* DefaultTheme */,
				EC36F95D15CD0BF8009A1A04 /* MetalTheme */,
				EC36F96615CD0BF8009A1A04 /* NMRangeSlider.h */,
				EC36F96715CD0BF8009A1A04 /* NMRangeSlider.m */,
			);
			name = NMRangeSlider;
			path = ../NMRangeSlider;
			sourceTree = "<group>";
		};
		EC36F95415CD0BF8009A1A04 /* DefaultTheme */ = {
			isa = PBXGroup;
			children = (
				EC36F95515CD0BF8009A1A04 /* slider-default-handle-highlighted.png */,
				EC36F95615CD0BF8009A1A04 /* slider-default-handle-highlighted@2x.png */,
				EC36F95715CD0BF8009A1A04 /* slider-default-handle.png */,
				EC36F95815CD0BF8009A1A04 /* slider-default-handle@2x.png */,
				EC36F95915CD0BF8009A1A04 /* slider-default-track.png */,
				EC36F95A15CD0BF8009A1A04 /* slider-default-track@2x.png */,
				EC4B675717F8EDAA0054842C /* slider-default-trackCrossedOver.png */,
				EC4B675817F8EDAA0054842C /* slider-default-trackCrossedOver@2x.png */,
				EC36F95B15CD0BF8009A1A04 /* slider-default-trackBackground.png */,
				EC36F95C15CD0BF8009A1A04 /* slider-default_trackBackground@2x.png */,
			);
			path = DefaultTheme;
			sourceTree = "<group>";
		};
		EC36F95D15CD0BF8009A1A04 /* MetalTheme */ = {
			isa = PBXGroup;
			children = (
				EC36F95E15CD0BF8009A1A04 /* slider-metal-handle-highlighted.png */,
				EC36F95F15CD0BF8009A1A04 /* slider-metal-handle-highlighted@2x.png */,
				EC36F96015CD0BF8009A1A04 /* slider-metal-handle.png */,
				EC36F96115CD0BF8009A1A04 /* slider-metal-handle@2x.png */,
				EC36F96215CD0BF8009A1A04 /* slider-metal-track.png */,
				EC36F96315CD0BF8009A1A04 /* slider-metal-track@2x.png */,
				EC36F96415CD0BF8009A1A04 /* slider-metal-trackBackground.png */,
				EC36F96515CD0BF8009A1A04 /* slider-metal-trackBackground@2x.png */,
			);
			path = MetalTheme;
			sourceTree = "<group>";
		};
		EC36F99115CE05CB009A1A04 /* Images */ = {
			isa = PBXGroup;
			children = (
				EC36F9C915CE3590009A1A04 /* Icon-72.png */,
				EC36F9CA15CE3590009A1A04 /* Icon-72@2x.png */,
				EC36F9CB15CE3590009A1A04 /* Icon-Small-50.png */,
				EC36F9CC15CE3590009A1A04 /* Icon-Small-50@2x.png */,
				EC36F9CD15CE3590009A1A04 /* Icon-Small.png */,
				EC36F9CE15CE3590009A1A04 /* Icon-Small@2x.png */,
				EC36F9CF15CE3590009A1A04 /* Icon.png */,
				EC36F9D015CE3590009A1A04 /* Icon@2x.png */,
				EC36F99C15CE0955009A1A04 /* navbar-nullmonkey-title.png */,
				EC36F99D15CE0955009A1A04 /* navbar-nullmonkey-title@2x.png */,
				E2F6E99E183A151000518E9A /* revealed-track.png */,
				E2F6E9A0183A158100518E9A /* revealed-track@2x.png */,
			);
			path = Images;
			sourceTree = "<group>";
		};
		EC6CCCB718068F8A00FBE743 /* DefaultTheme7 */ = {
			isa = PBXGroup;
			children = (
				EC6CCCB8180690AE00FBE743 /* slider-default7-trackBackground.png */,
				EC6CCCB9180690AE00FBE743 /* slider-default7-trackBackground@2x.png */,
				EC6CCCBA180690AE00FBE743 /* slider-default7-trackCrossedOver.png */,
				EC6CCCBB180690AE00FBE743 /* slider-default7-trackCrossedOver@2x.png */,
				EC6CCCBC180690AE00FBE743 /* slider-default7-track.png */,
				EC6CCCBD180690AE00FBE743 /* slider-default7-track@2x.png */,
				EC6CCCBE180690AE00FBE743 /* slider-default7-handle.png */,
				EC6CCCBF180690AE00FBE743 /* slider-default7-handle@2x.png */,
			);
			path = DefaultTheme7;
			sourceTree = "<group>";
		};
/* End PBXGroup section */

/* Begin PBXNativeTarget section */
		EC36F93115CD0B96009A1A04 /* NMRangeSlider */ = {
			isa = PBXNativeTarget;
			buildConfigurationList = EC36F95015CD0B96009A1A04 /* Build configuration list for PBXNativeTarget "NMRangeSlider" */;
			buildPhases = (
				EC36F92E15CD0B96009A1A04 /* Sources */,
				EC36F92F15CD0B96009A1A04 /* Frameworks */,
				EC36F93015CD0B96009A1A04 /* Resources */,
			);
			buildRules = (
			);
			dependencies = (
			);
			name = NMRangeSlider;
			productName = NMRangeSlider;
			productReference = EC36F93215CD0B96009A1A04 /* NMRangeSlider.app */;
			productType = "com.apple.product-type.application";
		};
/* End PBXNativeTarget section */

/* Begin PBXProject section */
		EC36F92915CD0B96009A1A04 /* Project object */ = {
			isa = PBXProject;
			attributes = {
				CLASSPREFIX = NM;
				LastUpgradeCheck = 0440;
				ORGANIZATIONNAME = "Null Monkey";
			};
			buildConfigurationList = EC36F92C15CD0B96009A1A04 /* Build configuration list for PBXProject "NMRangeSlider" */;
			compatibilityVersion = "Xcode 3.2";
			developmentRegion = English;
			hasScannedForEncodings = 0;
			knownRegions = (
				en,
			);
			mainGroup = EC36F92715CD0B96009A1A04;
			productRefGroup = EC36F93315CD0B96009A1A04 /* Products */;
			projectDirPath = "";
			projectRoot = "";
			targets = (
				EC36F93115CD0B96009A1A04 /* NMRangeSlider */,
			);
		};
/* End PBXProject section */

/* Begin PBXResourcesBuildPhase section */
		EC36F93015CD0B96009A1A04 /* Resources */ = {
			isa = PBXResourcesBuildPhase;
			buildActionMask = 2147483647;
			files = (
				EC36F94115CD0B96009A1A04 /* InfoPlist.strings in Resources */,
				EC36F94A15CD0B96009A1A04 /* MainStoryboard.storyboard in Resources */,
				EC36F96915CD0D4F009A1A04 /* slider-metal-handle-highlighted.png in Resources */,
				EC36F96A15CD0D4F009A1A04 /* slider-metal-handle-highlighted@2x.png in Resources */,
				EC4B675917F8EDAA0054842C /* slider-default-trackCrossedOver.png in Resources */,
				EC36F96B15CD0D4F009A1A04 /* slider-metal-handle.png in Resources */,
				EC36F96C15CD0D4F009A1A04 /* slider-metal-handle@2x.png in Resources */,
				EC36F96D15CD0D4F009A1A04 /* slider-metal-track.png in Resources */,
				EC36F96E15CD0D4F009A1A04 /* slider-metal-track@2x.png in Resources */,
				EC36F96F15CD0D4F009A1A04 /* slider-metal-trackBackground.png in Resources */,
				EC6CCCC4180690AE00FBE743 /* slider-default7-track.png in Resources */,
				EC36F97015CD0D4F009A1A04 /* slider-metal-trackBackground@2x.png in Resources */,
				EC36F97115CD0D53009A1A04 /* slider-default-handle-highlighted.png in Resources */,
				EC6CCCC1180690AE00FBE743 /* slider-default7-trackBackground@2x.png in Resources */,
				EC36F97215CD0D53009A1A04 /* slider-default-handle-highlighted@2x.png in Resources */,
				EC4B675C17F8F1470054842C /* Default-568h@2x.png in Resources */,
				E2F6E9A1183A158100518E9A /* revealed-track@2x.png in Resources */,
				EC36F97315CD0D53009A1A04 /* slider-default-handle.png in Resources */,
				EC36F97415CD0D53009A1A04 /* slider-default-handle@2x.png in Resources */,
				EC36F97515CD0D53009A1A04 /* slider-default-track.png in Resources */,
				EC36F97615CD0D53009A1A04 /* slider-default-track@2x.png in Resources */,
				EC6CCCC3180690AE00FBE743 /* slider-default7-trackCrossedOver@2x.png in Resources */,
				EC36F97715CD0D53009A1A04 /* slider-default-trackBackground.png in Resources */,
				EC36F97815CD0D53009A1A04 /* slider-default_trackBackground@2x.png in Resources */,
				EC36F99E15CE0955009A1A04 /* navbar-nullmonkey-title.png in Resources */,
				EC36F99F15CE0955009A1A04 /* navbar-nullmonkey-title@2x.png in Resources */,
				E2F6E99F183A151000518E9A /* revealed-track.png in Resources */,
				EC6CCCC7180690AE00FBE743 /* slider-default7-handle@2x.png in Resources */,
				EC36F9A615CE1295009A1A04 /* README.md in Resources */,
				EC4B675A17F8EDAA0054842C /* slider-default-trackCrossedOver@2x.png in Resources */,
				EC36F9D115CE3590009A1A04 /* Icon-72.png in Resources */,
				EC36F9D215CE3590009A1A04 /* Icon-72@2x.png in Resources */,
				EC6CCCC6180690AE00FBE743 /* slider-default7-handle.png in Resources */,
				EC36F9D315CE3590009A1A04 /* Icon-Small-50.png in Resources */,
				EC36F9D415CE3590009A1A04 /* Icon-Small-50@2x.png in Resources */,
				EC6CCCC5180690AE00FBE743 /* slider-default7-track@2x.png in Resources */,
				EC36F9D515CE3590009A1A04 /* Icon-Small.png in Resources */,
				EC36F9D615CE3590009A1A04 /* Icon-Small@2x.png in Resources */,
				EC6CCCC2180690AE00FBE743 /* slider-default7-trackCrossedOver.png in Resources */,
				EC36F9D715CE3590009A1A04 /* Icon.png in Resources */,
				EC6CCCC0180690AE00FBE743 /* slider-default7-trackBackground.png in Resources */,
				EC36F9D815CE3590009A1A04 /* Icon@2x.png in Resources */,
			);
			runOnlyForDeploymentPostprocessing = 0;
		};
/* End PBXResourcesBuildPhase section */

/* Begin PBXSourcesBuildPhase section */
		EC36F92E15CD0B96009A1A04 /* Sources */ = {
			isa = PBXSourcesBuildPhase;
			buildActionMask = 2147483647;
			files = (
				EC36F94315CD0B96009A1A04 /* main.m in Sources */,
				EC36F94715CD0B96009A1A04 /* NMAppDelegate.m in Sources */,
				EC36F96815CD0D4A009A1A04 /* NMRangeSlider.m in Sources */,
				EC36F97B15CD0F30009A1A04 /* NMDemoTVC.m in Sources */,
			);
			runOnlyForDeploymentPostprocessing = 0;
		};
/* End PBXSourcesBuildPhase section */

/* Begin PBXVariantGroup section */
		EC36F93F15CD0B96009A1A04 /* InfoPlist.strings */ = {
			isa = PBXVariantGroup;
			children = (
				EC36F94015CD0B96009A1A04 /* en */,
			);
			name = InfoPlist.strings;
			sourceTree = "<group>";
		};
		EC36F94815CD0B96009A1A04 /* MainStoryboard.storyboard */ = {
			isa = PBXVariantGroup;
			children = (
				EC36F94915CD0B96009A1A04 /* en */,
			);
			name = MainStoryboard.storyboard;
			sourceTree = "<group>";
		};
/* End PBXVariantGroup section */

/* Begin XCBuildConfiguration section */
		EC36F94E15CD0B96009A1A04 /* Debug */ = {
			isa = XCBuildConfiguration;
			buildSettings = {
				ALWAYS_SEARCH_USER_PATHS = NO;
				ARCHS = "$(ARCHS_STANDARD_32_BIT)";
				CLANG_CXX_LANGUAGE_STANDARD = "gnu++0x";
				CLANG_ENABLE_OBJC_ARC = YES;
				CLANG_WARN__DUPLICATE_METHOD_MATCH = YES;
				"CODE_SIGN_IDENTITY[sdk=iphoneos*]" = "iPhone Developer";
				COPY_PHASE_STRIP = NO;
				GCC_C_LANGUAGE_STANDARD = gnu99;
				GCC_DYNAMIC_NO_PIC = NO;
				GCC_OPTIMIZATION_LEVEL = 0;
				GCC_PREPROCESSOR_DEFINITIONS = (
					"DEBUG=1",
					"$(inherited)",
				);
				GCC_SYMBOLS_PRIVATE_EXTERN = NO;
				GCC_VERSION = com.apple.compilers.llvm.clang.1_0;
				GCC_WARN_ABOUT_RETURN_TYPE = YES;
				GCC_WARN_UNINITIALIZED_AUTOS = YES;
				GCC_WARN_UNUSED_VARIABLE = YES;
				IPHONEOS_DEPLOYMENT_TARGET = 5.1;
				SDKROOT = iphoneos;
			};
			name = Debug;
		};
		EC36F94F15CD0B96009A1A04 /* Release */ = {
			isa = XCBuildConfiguration;
			buildSettings = {
				ALWAYS_SEARCH_USER_PATHS = NO;
				ARCHS = "$(ARCHS_STANDARD_32_BIT)";
				CLANG_CXX_LANGUAGE_STANDARD = "gnu++0x";
				CLANG_ENABLE_OBJC_ARC = YES;
				CLANG_WARN__DUPLICATE_METHOD_MATCH = YES;
				"CODE_SIGN_IDENTITY[sdk=iphoneos*]" = "iPhone Developer";
				COPY_PHASE_STRIP = YES;
				GCC_C_LANGUAGE_STANDARD = gnu99;
				GCC_VERSION = com.apple.compilers.llvm.clang.1_0;
				GCC_WARN_ABOUT_RETURN_TYPE = YES;
				GCC_WARN_UNINITIALIZED_AUTOS = YES;
				GCC_WARN_UNUSED_VARIABLE = YES;
				IPHONEOS_DEPLOYMENT_TARGET = 5.1;
				OTHER_CFLAGS = "-DNS_BLOCK_ASSERTIONS=1";
				SDKROOT = iphoneos;
				VALIDATE_PRODUCT = YES;
			};
			name = Release;
		};
		EC36F95115CD0B96009A1A04 /* Debug */ = {
			isa = XCBuildConfiguration;
			buildSettings = {
				GCC_PRECOMPILE_PREFIX_HEADER = YES;
				GCC_PREFIX_HEADER = "NMRangeSlider-Demo/NMRangeSlider-Prefix.pch";
				INFOPLIST_FILE = "NMRangeSlider-Demo/NMRangeSlider-Info.plist";
				PRODUCT_NAME = "$(TARGET_NAME)";
				WRAPPER_EXTENSION = app;
			};
			name = Debug;
		};
		EC36F95215CD0B96009A1A04 /* Release */ = {
			isa = XCBuildConfiguration;
			buildSettings = {
				GCC_PRECOMPILE_PREFIX_HEADER = YES;
				GCC_PREFIX_HEADER = "NMRangeSlider-Demo/NMRangeSlider-Prefix.pch";
				INFOPLIST_FILE = "NMRangeSlider-Demo/NMRangeSlider-Info.plist";
				PRODUCT_NAME = "$(TARGET_NAME)";
				WRAPPER_EXTENSION = app;
			};
			name = Release;
		};
/* End XCBuildConfiguration section */

/* Begin XCConfigurationList section */
		EC36F92C15CD0B96009A1A04 /* Build configuration list for PBXProject "NMRangeSlider" */ = {
			isa = XCConfigurationList;
			buildConfigurations = (
				EC36F94E15CD0B96009A1A04 /* Debug */,
				EC36F94F15CD0B96009A1A04 /* Release */,
			);
			defaultConfigurationIsVisible = 0;
			defaultConfigurationName = Release;
		};
		EC36F95015CD0B96009A1A04 /* Build configuration list for PBXNativeTarget "NMRangeSlider" */ = {
			isa = XCConfigurationList;
			buildConfigurations = (
				EC36F95115CD0B96009A1A04 /* Debug */,
				EC36F95215CD0B96009A1A04 /* Release */,
			);
			defaultConfigurationIsVisible = 0;
			defaultConfigurationName = Release;
		};
/* End XCConfigurationList section */
	};
	rootObject = EC36F92915CD0B96009A1A04 /* Project object */;
}
